
Microsoft Visual Studio Solution File, Format Version 12.00
# Visual Studio Version 17
VisualStudioVersion = 17.0.31903.59
MinimumVisualStudioVersion = 10.0.40219.1
Project("{2150E333-8FDC-42A3-9474-1A3956D46DE8}") = "src", "src", "{827E0CD3-B72D-47B6-A68D-7590B98EB39B}"
EndProject
Project("{2150E333-8FDC-42A3-9474-1A3956D46DE8}") = "Connectors", "Connectors", "{F1E2D3C4-B5A6-4789-9012-3456789ABCDE}"
EndProject
Project("{2150E333-8FDC-42A3-9474-1A3956D46DE8}") = "Data", "Data", "{E2D3C4B5-A697-4890-9012-3456789ABCDEF}"
EndProject
Project("{2150E333-8FDC-42A3-9474-1A3956D46DE8}") = "Integrations", "Integrations", "{A08B9172-6354-4231-89AB-CDEF01234567}"
EndProject
Project("{2150E333-8FDC-42A3-9474-1A3956D46DE8}") = "samples", "samples", "{D3C4B5A6-9780-4901-9012-3456789ABCD0}"
EndProject
Project("{2150E333-8FDC-42A3-9474-1A3956D46DE8}") = "tests", "tests", "{C4B5A697-9801-4012-A345-6789ABCDE012}"
EndProject
Project("{FAE04EC0-301F-11D3-BF4B-00C04F79EFBC}") = "LayeredChat.Core", "src\Core\LayeredChat.Core\LayeredChat.Core.csproj", "{D675A407-1B16-4B5D-BDE7-8F5CBA03BF1B}"
EndProject
Project("{FAE04EC0-301F-11D3-BF4B-00C04F79EFBC}") = "LayeredChat.Connectors.ExtensionsAi", "src\Connectors\ExtensionsAi\LayeredChat.Connectors.ExtensionsAi\LayeredChat.Connectors.ExtensionsAi.csproj", "{A5C4CD16-1966-4BD3-BDB1-27ED5327A90B}"
EndProject
Project("{FAE04EC0-301F-11D3-BF4B-00C04F79EFBC}") = "LayeredChat.Connectors.OpenAiCompatible", "src\Connectors\OpenAiCompatible\LayeredChat.Connectors.OpenAiCompatible\LayeredChat.Connectors.OpenAiCompatible.csproj", "{D7C4ACCD-714D-4274-8E86-069C2A68ACC4}"
EndProject
Project("{FAE04EC0-301F-11D3-BF4B-00C04F79EFBC}") = "LayeredChat.Data.PostgreSql", "src\Data\PostgreSql\LayeredChat.Data.PostgreSql\LayeredChat.Data.PostgreSql.csproj", "{3C3B541F-2622-4780-B452-AAAF7379E4D9}"
EndProject
Project("{FAE04EC0-301F-11D3-BF4B-00C04F79EFBC}") = "LayeredChat.Data.MongoDb", "src\Data\MongoDb\LayeredChat.Data.MongoDb\LayeredChat.Data.MongoDb.csproj", "{780AA8F1-46E4-4F89-843E-13FBF3A23E0E}"
EndProject
Project("{FAE04EC0-301F-11D3-BF4B-00C04F79EFBC}") = "LayeredChat.Data.Qdrant", "src\Data\Qdrant\LayeredChat.Data.Qdrant\LayeredChat.Data.Qdrant.csproj", "{112D4AA4-1D77-4225-BDDE-A6E5E753D672}"
EndProject
Project("{FAE04EC0-301F-11D3-BF4B-00C04F79EFBC}") = "LayeredChat.Integrations.Mcp", "src\Integrations\Mcp\LayeredChat.Integrations.Mcp\LayeredChat.Integrations.Mcp.csproj", "{9A8B7C6D-5E4F-4A3B-2C1D-0E9F8A7B6C5D}"
EndProject
Project("{FAE04EC0-301F-11D3-BF4B-00C04F79EFBC}") = "LayeredChat.VersionHost", "samples\VersionHost\LayeredChat.VersionHost.csproj", "{8F3E2D1C-0B9A-8765-4321-0FEDCBA98765}"
EndProject
Project("{FAE04EC0-301F-11D3-BF4B-00C04F79EFBC}") = "LayeredChat.Core.Tests", "tests\LayeredChat.Core.Tests\LayeredChat.Core.Tests.csproj", "{76DE4714-5507-423F-9905-A5812CB1A5AE}"
EndProject
Global
	GlobalSection(SolutionConfigurationPlatforms) = preSolution
		Debug|Any CPU = Debug|Any CPU
		Debug|x64 = Debug|x64
		Debug|x86 = Debug|x86
		Release|Any CPU = Release|Any CPU
		Release|x64 = Release|x64
		Release|x86 = Release|x86
	EndGlobalSection
	GlobalSection(ProjectConfigurationPlatforms) = postSolution
		{D675A407-1B16-4B5D-BDE7-8F5CBA03BF1B}.Debug|Any CPU.ActiveCfg = Debug|Any CPU
		{D675A407-1B16-4B5D-BDE7-8F5CBA03BF1B}.Debug|Any CPU.Build.0 = Debug|Any CPU
		{D675A407-1B16-4B5D-BDE7-8F5CBA03BF1B}.Debug|x64.ActiveCfg = Debug|Any CPU
		{D675A407-1B16-4B5D-BDE7-8F5CBA03BF1B}.Debug|x64.Build.0 = Debug|Any CPU
		{D675A407-1B16-4B5D-BDE7-8F5CBA03BF1B}.Debug|x86.ActiveCfg = Debug|Any CPU
		{D675A407-1B16-4B5D-BDE7-8F5CBA03BF1B}.Debug|x86.Build.0 = Debug|Any CPU
		{D675A407-1B16-4B5D-BDE7-8F5CBA03BF1B}.Release|Any CPU.ActiveCfg = Release|Any CPU
		{D675A407-1B16-4B5D-BDE7-8F5CBA03BF1B}.Release|Any CPU.Build.0 = Release|Any CPU
		{D675A407-1B16-4B5D-BDE7-8F5CBA03BF1B}.Release|x64.ActiveCfg = Release|Any CPU
		{D675A407-1B16-4B5D-BDE7-8F5CBA03BF1B}.Release|x64.Build.0 = Release|Any CPU
		{D675A407-1B16-4B5D-BDE7-8F5CBA03BF1B}.Release|x86.ActiveCfg = Release|Any CPU
		{D675A407-1B16-4B5D-BDE7-8F5CBA03BF1B}.Release|x86.Build.0 = Release|Any CPU
		{A5C4CD16-1966-4BD3-BDB1-27ED5327A90B}.Debug|Any CPU.ActiveCfg = Debug|Any CPU
		{A5C4CD16-1966-4BD3-BDB1-27ED5327A90B}.Debug|Any CPU.Build.0 = Debug|Any CPU
		{A5C4CD16-1966-4BD3-BDB1-27ED5327A90B}.Debug|x64.ActiveCfg = Debug|Any CPU
		{A5C4CD16-1966-4BD3-BDB1-27ED5327A90B}.Debug|x64.Build.0 = Debug|Any CPU
		{A5C4CD16-1966-4BD3-BDB1-27ED5327A90B}.Debug|x86.ActiveCfg = Debug|Any CPU
		{A5C4CD16-1966-4BD3-BDB1-27ED5327A90B}.Debug|x86.Build.0 = Debug|Any CPU
		{A5C4CD16-1966-4BD3-BDB1-27ED5327A90B}.Release|Any CPU.ActiveCfg = Release|Any CPU
		{A5C4CD16-1966-4BD3-BDB1-27ED5327A90B}.Release|Any CPU.Build.0 = Release|Any CPU
		{A5C4CD16-1966-4BD3-BDB1-27ED5327A90B}.Release|x64.ActiveCfg = Release|Any CPU
		{A5C4CD16-1966-4BD3-BDB1-27ED5327A90B}.Release|x64.Build.0 = Release|Any CPU
		{A5C4CD16-1966-4BD3-BDB1-27ED5327A90B}.Release|x86.ActiveCfg = Release|Any CPU
		{A5C4CD16-1966-4BD3-BDB1-27ED5327A90B}.Release|x86.Build.0 = Release|Any CPU
		{D7C4ACCD-714D-4274-8E86-069C2A68ACC4}.Debug|Any CPU.ActiveCfg = Debug|Any CPU
		{D7C4ACCD-714D-4274-8E86-069C2A68ACC4}.Debug|Any CPU.Build.0 = Debug|Any CPU
		{D7C4ACCD-714D-4274-8E86-069C2A68ACC4}.Debug|x64.ActiveCfg = Debug|Any CPU
		{D7C4ACCD-714D-4274-8E86-069C2A68ACC4}.Debug|x64.Build.0 = Debug|Any CPU
		{D7C4ACCD-714D-4274-8E86-069C2A68ACC4}.Debug|x86.ActiveCfg = Debug|Any CPU
		{D7C4ACCD-714D-4274-8E86-069C2A68ACC4}.Debug|x86.Build.0 = Debug|Any CPU
		{D7C4ACCD-714D-4274-8E86-069C2A68ACC4}.Release|Any CPU.ActiveCfg = Release|Any CPU
		{D7C4ACCD-714D-4274-8E86-069C2A68ACC4}.Release|Any CPU.Build.0 = Release|Any CPU
		{D7C4ACCD-714D-4274-8E86-069C2A68ACC4}.Release|x64.ActiveCfg = Release|Any CPU
		{D7C4ACCD-714D-4274-8E86-069C2A68ACC4}.Release|x64.Build.0 = Release|Any CPU
		{D7C4ACCD-714D-4274-8E86-069C2A68ACC4}.Release|x86.ActiveCfg = Release|Any CPU
		{D7C4ACCD-714D-4274-8E86-069C2A68ACC4}.Release|x86.Build.0 = Release|Any CPU
		{3C3B541F-2622-4780-B452-AAAF7379E4D9}.Debug|Any CPU.ActiveCfg = Debug|Any CPU
		{3C3B541F-2622-4780-B452-AAAF7379E4D9}.Debug|Any CPU.Build.0 = Debug|Any CPU
		{3C3B541F-2622-4780-B452-AAAF7379E4D9}.Debug|x64.ActiveCfg = Debug|Any CPU
		{3C3B541F-2622-4780-B452-AAAF7379E4D9}.Debug|x64.Build.0 = Debug|Any CPU
		{3C3B541F-2622-4780-B452-AAAF7379E4D9}.Debug|x86.ActiveCfg = Debug|Any CPU
		{3C3B541F-2622-4780-B452-AAAF7379E4D9}.Debug|x86.Build.0 = Debug|Any CPU
		{3C3B541F-2622-4780-B452-AAAF7379E4D9}.Release|Any CPU.ActiveCfg = Release|Any CPU
		{3C3B541F-2622-4780-B452-AAAF7379E4D9}.Release|Any CPU.Build.0 = Release|Any CPU
		{3C3B541F-2622-4780-B452-AAAF7379E4D9}.Release|x64.ActiveCfg = Release|Any CPU
		{3C3B541F-2622-4780-B452-AAAF7379E4D9}.Release|x64.Build.0 = Release|Any CPU
		{3C3B541F-2622-4780-B452-AAAF7379E4D9}.Release|x86.ActiveCfg = Release|Any CPU
		{3C3B541F-2622-4780-B452-AAAF7379E4D9}.Release|x86.Build.0 = Release|Any CPU
		{780AA8F1-46E4-4F89-843E-13FBF3A23E0E}.Debug|Any CPU.ActiveCfg = Debug|Any CPU
		{780AA8F1-46E4-4F89-843E-13FBF3A23E0E}.Debug|Any CPU.Build.0 = Debug|Any CPU
		{780AA8F1-46E4-4F89-843E-13FBF3A23E0E}.Debug|x64.ActiveCfg = Debug|Any CPU
		{780AA8F1-46E4-4F89-843E-13FBF3A23E0E}.Debug|x64.Build.0 = Debug|Any CPU
		{780AA8F1-46E4-4F89-843E-13FBF3A23E0E}.Debug|x86.ActiveCfg = Debug|Any CPU
		{780AA8F1-46E4-4F89-843E-13FBF3A23E0E}.Debug|x86.Build.0 = Debug|Any CPU
		{780AA8F1-46E4-4F89-843E-13FBF3A23E0E}.Release|Any CPU.ActiveCfg = Release|Any CPU
		{780AA8F1-46E4-4F89-843E-13FBF3A23E0E}.Release|Any CPU.Build.0 = Release|Any CPU
		{780AA8F1-46E4-4F89-843E-13FBF3A23E0E}.Release|x64.ActiveCfg = Release|Any CPU
		{780AA8F1-46E4-4F89-843E-13FBF3A23E0E}.Release|x64.Build.0 = Release|Any CPU
		{780AA8F1-46E4-4F89-843E-13FBF3A23E0E}.Release|x86.ActiveCfg = Release|Any CPU
		{780AA8F1-46E4-4F89-843E-13FBF3A23E0E}.Release|x86.Build.0 = Release|Any CPU
		{112D4AA4-1D77-4225-BDDE-A6E5E753D672}.Debug|Any CPU.ActiveCfg = Debug|Any CPU
		{112D4AA4-1D77-4225-BDDE-A6E5E753D672}.Debug|Any CPU.Build.0 = Debug|Any CPU
		{112D4AA4-1D77-4225-BDDE-A6E5E753D672}.Debug|x64.ActiveCfg = Debug|Any CPU
		{112D4AA4-1D77-4225-BDDE-A6E5E753D672}.Debug|x64.Build.0 = Debug|Any CPU
		{112D4AA4-1D77-4225-BDDE-A6E5E753D672}.Debug|x86.ActiveCfg = Debug|Any CPU
		{112D4AA4-1D77-4225-BDDE-A6E5E753D672}.Debug|x86.Build.0 = Debug|Any CPU
		{112D4AA4-1D77-4225-BDDE-A6E5E753D672}.Release|Any CPU.ActiveCfg = Release|Any CPU
		{112D4AA4-1D77-4225-BDDE-A6E5E753D672}.Release|Any CPU.Build.0 = Release|Any CPU
		{112D4AA4-1D77-4225-BDDE-A6E5E753D672}.Release|x64.ActiveCfg = Release|Any CPU
		{112D4AA4-1D77-4225-BDDE-A6E5E753D672}.Release|x64.Build.0 = Release|Any CPU
		{112D4AA4-1D77-4225-BDDE-A6E5E753D672}.Release|x86.ActiveCfg = Release|Any CPU
		{112D4AA4-1D77-4225-BDDE-A6E5E753D672}.Release|x86.Build.0 = Release|Any CPU
		{9A8B7C6D-5E4F-4A3B-2C1D-0E9F8A7B6C5D}.Debug|Any CPU.ActiveCfg = Debug|Any CPU
		{9A8B7C6D-5E4F-4A3B-2C1D-0E9F8A7B6C5D}.Debug|Any CPU.Build.0 = Debug|Any CPU
		{9A8B7C6D-5E4F-4A3B-2C1D-0E9F8A7B6C5D}.Debug|x64.ActiveCfg = Debug|Any CPU
		{9A8B7C6D-5E4F-4A3B-2C1D-0E9F8A7B6C5D}.Debug|x64.Build.0 = Debug|Any CPU
		{9A8B7C6D-5E4F-4A3B-2C1D-0E9F8A7B6C5D}.Debug|x86.ActiveCfg = Debug|Any CPU
		{9A8B7C6D-5E4F-4A3B-2C1D-0E9F8A7B6C5D}.Debug|x86.Build.0 = Debug|Any CPU
		{9A8B7C6D-5E4F-4A3B-2C1D-0E9F8A7B6C5D}.Release|Any CPU.ActiveCfg = Release|Any CPU
		{9A8B7C6D-5E4F-4A3B-2C1D-0E9F8A7B6C5D}.Release|Any CPU.Build.0 = Release|Any CPU
		{9A8B7C6D-5E4F-4A3B-2C1D-0E9F8A7B6C5D}.Release|x64.ActiveCfg = Release|Any CPU
		{9A8B7C6D-5E4F-4A3B-2C1D-0E9F8A7B6C5D}.Release|x64.Build.0 = Release|Any CPU
		{9A8B7C6D-5E4F-4A3B-2C1D-0E9F8A7B6C5D}.Release|x86.ActiveCfg = Release|Any CPU
		{9A8B7C6D-5E4F-4A3B-2C1D-0E9F8A7B6C5D}.Release|x86.Build.0 = Release|Any CPU
		{8F3E2D1C-0B9A-8765-4321-0FEDCBA98765}.Debug|Any CPU.ActiveCfg = Debug|Any CPU
		{8F3E2D1C-0B9A-8765-4321-0FEDCBA98765}.Debug|Any CPU.Build.0 = Debug|Any CPU
		{8F3E2D1C-0B9A-8765-4321-0FEDCBA98765}.Debug|x64.ActiveCfg = Debug|Any CPU
		{8F3E2D1C-0B9A-8765-4321-0FEDCBA98765}.Debug|x64.Build.0 = Debug|Any CPU
		{8F3E2D1C-0B9A-8765-4321-0FEDCBA98765}.Debug|x86.ActiveCfg = Debug|Any CPU
		{8F3E2D1C-0B9A-8765-4321-0FEDCBA98765}.Debug|x86.Build.0 = Debug|Any CPU
		{8F3E2D1C-0B9A-8765-4321-0FEDCBA98765}.Release|Any CPU.ActiveCfg = Release|Any CPU
		{8F3E2D1C-0B9A-8765-4321-0FEDCBA98765}.Release|Any CPU.Build.0 = Release|Any CPU
		{8F3E2D1C-0B9A-8765-4321-0FEDCBA98765}.Release|x64.ActiveCfg = Release|Any CPU
		{8F3E2D1C-0B9A-8765-4321-0FEDCBA98765}.Release|x64.Build.0 = Release|Any CPU
		{8F3E2D1C-0B9A-8765-4321-0FEDCBA98765}.Release|x86.ActiveCfg = Release|Any CPU
		{8F3E2D1C-0B9A-8765-4321-0FEDCBA98765}.Release|x86.Build.0 = Release|Any CPU
		{76DE4714-5507-423F-9905-A5812CB1A5AE}.Debug|Any CPU.ActiveCfg = Debug|Any CPU
		{76DE4714-5507-423F-9905-A5812CB1A5AE}.Debug|Any CPU.Build.0 = Debug|Any CPU
		{76DE4714-5507-423F-9905-A5812CB1A5AE}.Debug|x64.ActiveCfg = Debug|Any CPU
		{76DE4714-5507-423F-9905-A5812CB1A5AE}.Debug|x64.Build.0 = Debug|Any CPU
		{76DE4714-5507-423F-9905-A5812CB1A5AE}.Debug|x86.ActiveCfg = Debug|Any CPU
		{76DE4714-5507-423F-9905-A5812CB1A5AE}.Debug|x86.Build.0 = Debug|Any CPU
		{76DE4714-5507-423F-9905-A5812CB1A5AE}.Release|Any CPU.ActiveCfg = Release|Any CPU
		{76DE4714-5507-423F-9905-A5812CB1A5AE}.Release|Any CPU.Build.0 = Release|Any CPU
		{76DE4714-5507-423F-9905-A5812CB1A5AE}.Release|x64.ActiveCfg = Release|Any CPU
		{76DE4714-5507-423F-9905-A5812CB1A5AE}.Release|x64.Build.0 = Release|Any CPU
		{76DE4714-5507-423F-9905-A5812CB1A5AE}.Release|x86.ActiveCfg = Release|Any CPU
		{76DE4714-5507-423F-9905-A5812CB1A5AE}.Release|x86.Build.0 = Release|Any CPU
	EndGlobalSection
	GlobalSection(SolutionProperties) = preSolution
		HideSolutionNode = FALSE
	EndGlobalSection
	GlobalSection(NestedProjects) = preSolution
		{F1E2D3C4-B5A6-4789-9012-3456789ABCDE} = {827E0CD3-B72D-47B6-A68D-7590B98EB39B}
		{E2D3C4B5-A697-4890-9012-3456789ABCDEF} = {827E0CD3-B72D-47B6-A68D-7590B98EB39B}
		{A08B9172-6354-4231-89AB-CDEF01234567} = {827E0CD3-B72D-47B6-A68D-7590B98EB39B}
		{9A8B7C6D-5E4F-4A3B-2C1D-0E9F8A7B6C5D} = {A08B9172-6354-4231-89AB-CDEF01234567}
		{D675A407-1B16-4B5D-BDE7-8F5CBA03BF1B} = {827E0CD3-B72D-47B6-A68D-7590B98EB39B}
		{D7C4ACCD-714D-4274-8E86-069C2A68ACC4} = {F1E2D3C4-B5A6-4789-9012-3456789ABCDE}
		{A5C4CD16-1966-4BD3-BDB1-27ED5327A90B} = {F1E2D3C4-B5A6-4789-9012-3456789ABCDE}
		{3C3B541F-2622-4780-B452-AAAF7379E4D9} = {E2D3C4B5-A697-4890-9012-3456789ABCDEF}
		{780AA8F1-46E4-4F89-843E-13FBF3A23E0E} = {E2D3C4B5-A697-4890-9012-3456789ABCDEF}
		{112D4AA4-1D77-4225-BDDE-A6E5E753D672} = {E2D3C4B5-A697-4890-9012-3456789ABCDEF}
		{8F3E2D1C-0B9A-8765-4321-0FEDCBA98765} = {D3C4B5A6-9780-4901-9012-3456789ABCD0}
		{76DE4714-5507-423F-9905-A5812CB1A5AE} = {C4B5A697-9801-4012-A345-6789ABCDE012}
	EndGlobalSection
EndGlobal
